schema: '2.0'
stages:
  preprocess:
    cmd: python preprocess.py
    deps:
    - path: data/loan_approval.csv
      hash: md5
      md5: c87e9a255ab406d5c0c6276297397dfa
      size: 115793
    - path: preprocess.py
      hash: md5
      md5: 12fd1b3644c2ba398a012d3267e74131
      size: 788
    outs:
    - path: data/X_test.csv
      hash: md5
      md5: 07f17a8d34199ac8b472b7beab458ef7
      size: 9393525
    - path: data/X_train.csv
      hash: md5
      md5: a8ed7bf2467ece8ccaa0076cfe5aefe3
      size: 37356663
    - path: data/y_test.csv
      hash: md5
      md5: fd714b97c23b5040d1ae8df7dc754428
      size: 2818
    - path: data/y_train.csv
      hash: md5
      md5: 9c96cc910533d38f70e92954da9795be
      size: 11217
  train:
    cmd: python train.py
    deps:
    - path: data/X_test.csv
      hash: md5
      md5: 07f17a8d34199ac8b472b7beab458ef7
      size: 9393525
    - path: data/X_train.csv
      hash: md5
      md5: a8ed7bf2467ece8ccaa0076cfe5aefe3
      size: 37356663
    - path: data/y_test.csv
      hash: md5
      md5: fd714b97c23b5040d1ae8df7dc754428
      size: 2818
    - path: data/y_train.csv
      hash: md5
      md5: 9c96cc910533d38f70e92954da9795be
      size: 11217
    - path: train.py
      hash: md5
      md5: aaba9c2740550fb718822a725d10e96f
      size: 988
  tune:
    cmd: python tune.py
    deps:
    - path: data/X_test.csv
      hash: md5
      md5: 07f17a8d34199ac8b472b7beab458ef7
      size: 9393525
    - path: data/X_train.csv
      hash: md5
      md5: a8ed7bf2467ece8ccaa0076cfe5aefe3
      size: 37356663
    - path: data/y_test.csv
      hash: md5
      md5: fd714b97c23b5040d1ae8df7dc754428
      size: 2818
    - path: data/y_train.csv
      hash: md5
      md5: 9c96cc910533d38f70e92954da9795be
      size: 11217
    - path: tune.py
      hash: md5
      md5: 66921c1920aae786090136db40029cf7
      size: 1254
  train_xgb:
    cmd: python train_autolog_xgb.py
    deps:
    - path: data/X_test.csv
      hash: md5
      md5: 07f17a8d34199ac8b472b7beab458ef7
      size: 9393525
    - path: data/X_train.csv
      hash: md5
      md5: a8ed7bf2467ece8ccaa0076cfe5aefe3
      size: 37356663
    - path: data/y_test.csv
      hash: md5
      md5: fd714b97c23b5040d1ae8df7dc754428
      size: 2818
    - path: data/y_train.csv
      hash: md5
      md5: 9c96cc910533d38f70e92954da9795be
      size: 11217
    - path: train_autolog_xgb.py
      hash: md5
      md5: ff9f45961cddae9cf2a4d06dd97a0c79
      size: 992
  train_lgbm:
    cmd: python train_autolog_lgbm.py
    deps:
    - path: data/X_test.csv
      hash: md5
      md5: 07f17a8d34199ac8b472b7beab458ef7
      size: 9393525
    - path: data/X_train.csv
      hash: md5
      md5: a8ed7bf2467ece8ccaa0076cfe5aefe3
      size: 37356663
    - path: data/y_test.csv
      hash: md5
      md5: fd714b97c23b5040d1ae8df7dc754428
      size: 2818
    - path: data/y_train.csv
      hash: md5
      md5: 9c96cc910533d38f70e92954da9795be
      size: 11217
    - path: train_autolog_lgbm.py
      hash: md5
      md5: 5a2eeca5668fd846d7d48ba8142c0d97
      size: 894
